{
  "object": {
    "pins": [
      {
        "package": "AttributedText",
        "repositoryURL": "https://github.com/gonzalezreal/AttributedText",
        "state": {
          "branch": null,
          "revision": "0e811cb14de367bbd58a94d12259687e5ee08bea",
          "version": "1.0.1"
        }
      }
    ]
  },
  "version": 1
}
